// !$*UTF8*$!
{
	archiveVersion = 1;
	classes = {
	};
	objectVersion = 77;
	objects = {

/* Begin PBXBuildFile section */
		123A15122F66149C00EEF7BE /* FirebaseAnalytics in Frameworks */ = {isa = PBXBuildFile; productRef = 123A15112F66149C00EEF7BE /* FirebaseAnalytics */; };
		123A15142F66149C00EEF7BE /* FirebaseAnalyticsCore in Frameworks */ = {isa = PBXBuildFile; productRef = 123A15132F66149C00EEF7BE /* FirebaseAnalyticsCore */; };
		123A15162F66149C00EEF7BE /* FirebaseCore in Frameworks */ = {isa = PBXBuildFile; productRef = 123A15152F66149C00EEF7BE /* FirebaseCore */; };
		123A15182F66149C00EEF7BE /* FirebaseDatabase in Frameworks */ = {isa = PBXBuildFile; productRef = 123A15172F66149C00EEF7BE /* FirebaseDatabase */; };
		124302FB2F7BDA00005BD907 /* GoogleSignIn in Frameworks */ = {isa = PBXBuildFile; productRef = 124302FA2F7BDA00005BD907 /* GoogleSignIn */; };
		124302FD2F7BDA00005BD907 /* GoogleSignInSwift in Frameworks */ = {isa = PBXBuildFile; productRef = 124302FC2F7BDA00005BD907 /* GoogleSignInSwift */; };
		124302FF2F7BDA9F005BD907 /* GoogleService-Info-2.plist in Resources */ = {isa = PBXBuildFile; fileRef = 124302FE2F7BDA9F005BD907 /* GoogleService-Info-2.plist */; };
		124303072F7BE165005BD907 /* FirebaseAuth in Frameworks */ = {isa = PBXBuildFile; productRef = 124303062F7BE165005BD907 /* FirebaseAuth */; };
		1243030A2F7C0039005BD907 /* Utilities.swift in Sources */ = {isa = PBXBuildFile; fileRef = 124303092F7C0039005BD907 /* Utilities.swift */; };
		125105622F6641DD006FCE40 /* FirebaseFirestore in Frameworks */ = {isa = PBXBuildFile; productRef = 125105612F6641DD006FCE40 /* FirebaseFirestore */; };
/* End PBXBuildFile section */

/* Begin PBXFileReference section */
		124302FE2F7BDA9F005BD907 /* GoogleService-Info-2.plist */ = {isa = PBXFileReference; lastKnownFileType = text.plist.xml; path = "GoogleService-Info-2.plist"; sourceTree = "<group>"; };
		124303092F7C0039005BD907 /* Utilities.swift */ = {isa = PBXFileReference; lastKnownFileType = sourcecode.swift; path = Utilities.swift; sourceTree = "<group>"; };
		12B0E93A2F6608B6005D68AE /* Nafas.app */ = {isa = PBXFileReference; explicitFileType = wrapper.application; includeInIndex = 0; path = Nafas.app; sourceTree = BUILT_PRODUCTS_DIR; };
/* End PBXFileReference section */

/* Begin PBXFileSystemSynchronizedBuildFileExceptionSet section */
		123A151E2F66382900EEF7BE /* Exceptions for "Nafas" folder in "Nafas" target */ = {
			isa = PBXFileSystemSynchronizedBuildFileExceptionSet;
			membershipExceptions = (
				Info.plist,
				Info/Info.plist,
			);
			target = 12B0E9392F6608B6005D68AE /* Nafas */;
		};
/* End PBXFileSystemSynchronizedBuildFileExceptionSet section */

/* Begin PBXFileSystemSynchronizedRootGroup section */
		12B0E93C2F6608B6005D68AE /* Nafas */ = {
			isa = PBXFileSystemSynchronizedRootGroup;
			exceptions = (
				123A151E2F66382900EEF7BE /* Exceptions for "Nafas" folder in "Nafas" target */,
			);
			path = Nafas;
			sourceTree = "<group>";
		};
/* End PBXFileSystemSynchronizedRootGroup section */

/* Begin PBXFrameworksBuildPhase section */
		12B0E9372F6608B6005D68AE /* Frameworks */ = {
			isa = PBXFrameworksBuildPhase;
			buildActionMask = 2147483647;
			files = (
				123A15122F66149C00EEF7BE /* FirebaseAnalytics in Frameworks */,
				123A15162F66149C00EEF7BE /* FirebaseCore in Frameworks */,
				124302FD2F7BDA00005BD907 /* GoogleSignInSwift in Frameworks */,
				123A15182F66149C00EEF7BE /* FirebaseDatabase in Frameworks */,
				125105622F6641DD006FCE40 /* FirebaseFirestore in Frameworks */,
				123A15142F66149C00EEF7BE /* FirebaseAnalyticsCore in Frameworks */,
				124302FB2F7BDA00005BD907 /* GoogleSignIn in Frameworks */,
				124303072F7BE165005BD907 /* FirebaseAuth in Frameworks */,
			);
			runOnlyForDeploymentPostprocessing = 0;
		};
/* End PBXFrameworksBuildPhase section */

/* Begin PBXGroup section */
		124303052F7BE165005BD907 /* Frameworks */ = {
			isa = PBXGroup;
			children = (
			);
			name = Frameworks;
			sourceTree = "<group>";
		};
		124303082F7BFFEE005BD907 /* Utilities */ = {
			isa = PBXGroup;
			children = (
				124303092F7C0039005BD907 /* Utilities.swift */,
			);
			path = Utilities;
			sourceTree = "<group>";
		};
		12B0E9312F6608B6005D68AE = {
			isa = PBXGroup;
			children = (
				124303082F7BFFEE005BD907 /* Utilities */,
				124302FE2F7BDA9F005BD907 /* GoogleService-Info-2.plist */,
				12B0E93C2F6608B6005D68AE /* Nafas */,
				124303052F7BE165005BD907 /* Frameworks */,
				12B0E93B2F6608B6005D68AE /* Products */,
			);
			sourceTree = "<group>";
		};
		12B0E93B2F6608B6005D68AE /* Products */ = {
			isa = PBXGroup;
			children = (
				12B0E93A2F6608B6005D68AE /* Nafas.app */,
			);
			name = Products;
			sourceTree = "<group>";
		};
/* End PBXGroup section */

/* Begin PBXNativeTarget section */
		12B0E9392F6608B6005D68AE /* Nafas */ = {
			isa = PBXNativeTarget;
			buildConfigurationList = 12B0E9452F6608B7005D68AE /* Build configuration list for PBXNativeTarget "Nafas" */;
			buildPhases = (
				12B0E9362F6608B6005D68AE /* Sources */,
				12B0E9372F6608B6005D68AE /* Frameworks */,
				12B0E9382F6608B6005D68AE /* Resources */,
			);
			buildRules = (
			);
			dependencies = (
			);
			fileSystemSynchronizedGroups = (
				12B0E93C2F6608B6005D68AE /* Nafas */,
			);
			name = Nafas;
			packageProductDependencies = (
				123A15112F66149C00EEF7BE /* FirebaseAnalytics */,
				123A15132F66149C00EEF7BE /* FirebaseAnalyticsCore */,
				123A15152F66149C00EEF7BE /* FirebaseCore */,
				123A15172F66149C00EEF7BE /* FirebaseDatabase */,
				125105612F6641DD006FCE40 /* FirebaseFirestore */,
				124302FA2F7BDA00005BD907 /* GoogleSignIn */,
				124302FC2F7BDA00005BD907 /* GoogleSignInSwift */,
				124303062F7BE165005BD907 /* FirebaseAuth */,
			);
			productName = Nafas;
			productReference = 12B0E93A2F6608B6005D68AE /* Nafas.app */;
			productType = "com.apple.product-type.application";
		};
/* End PBXNativeTarget section */

/* Begin PBXProject section */
		12B0E9322F6608B6005D68AE /* Project object */ = {
			isa = PBXProject;
			attributes = {
				BuildIndependentTargetsInParallel = 1;
				LastSwiftUpdateCheck = 2600;
				LastUpgradeCheck = 2600;
				TargetAttributes = {
					12B0E9392F6608B6005D68AE = {
						CreatedOnToolsVersion = 26.0.1;
					};
				};
			};
			buildConfigurationList = 12B0E9352F6608B6005D68AE /* Build configuration list for PBXProject "Nafas" */;
			developmentRegion = en;
			hasScannedForEncodings = 0;
			knownRegions = (
				en,
				Base,
				ar,
			);
			mainGroup = 12B0E9312F6608B6005D68AE;
			minimizedProjectReferenceProxies = 1;
			packageReferences = (
				123A15102F66149C00EEF7BE /* XCRemoteSwiftPackageReference "firebase-ios-sdk" */,
				124302F92F7BDA00005BD907 /* XCRemoteSwiftPackageReference "GoogleSignIn-iOS" */,
			);
			preferredProjectObjectVersion = 77;
			productRefGroup = 12B0E93B2F6608B6005D68AE /* Products */;
			projectDirPath = "";
			projectRoot = "";
			targets = (
				12B0E9392F6608B6005D68AE /* Nafas */,
			);
		};
/* End PBXProject section */

/* Begin PBXResourcesBuildPhase section */
		12B0E9382F6608B6005D68AE /* Resources */ = {
			isa = PBXResourcesBuildPhase;
			buildActionMask = 2147483647;
			files = (
				124302FF2F7BDA9F005BD907 /* GoogleService-Info-2.plist in Resources */,
			);
			runOnlyForDeploymentPostprocessing = 0;
		};
/* End PBXResourcesBuildPhase section */

/* Begin PBXSourcesBuildPhase section */
		12B0E9362F6608B6005D68AE /* Sources */ = {
			isa = PBXSourcesBuildPhase;
			buildActionMask = 2147483647;
			files = (
				1243030A2F7C0039005BD907 /* Utilities.swift in Sources */,
			);
			runOnlyForDeploymentPostprocessing = 0;
		};
/* End PBXSourcesBuildPhase section */

/* Begin XCBuildConfiguration section */
		12B0E9432F6608B7005D68AE /* Debug */ = {
			isa = XCBuildConfiguration;
			buildSettings = {
				ALWAYS_SEARCH_USER_PATHS = NO;
				ASSETCATALOG_COMPILER_GENERATE_SWIFT_ASSET_SYMBOL_EXTENSIONS = YES;
				CLANG_ANALYZER_NONNULL = YES;
				CLANG_ANALYZER_NUMBER_OBJECT_CONVERSION = YES_AGGRESSIVE;
				CLANG_CXX_LANGUAGE_STANDARD = "gnu++20";
				CLANG_ENABLE_MODULES = YES;
				CLANG_ENABLE_OBJC_ARC = YES;
				CLANG_ENABLE_OBJC_WEAK = YES;
				CLANG_WARN_BLOCK_CAPTURE_AUTORELEASING = YES;
				CLANG_WARN_BOOL_CONVERSION = YES;
				CLANG_WARN_COMMA = YES;
				CLANG_WARN_CONSTANT_CONVERSION = YES;
				CLANG_WARN_DEPRECATED_OBJC_IMPLEMENTATIONS = YES;
				CLANG_WARN_DIRECT_OBJC_ISA_USAGE = YES_ERROR;
				CLANG_WARN_DOCUMENTATION_COMMENTS = YES;
				CLANG_WARN_EMPTY_BODY = YES;
				CLANG_WARN_ENUM_CONVERSION = YES;
				CLANG_WARN_INFINITE_RECURSION = YES;
				CLANG_WARN_INT_CONVERSION = YES;
				CLANG_WARN_NON_LITERAL_NULL_CONVERSION = YES;
				CLANG_WARN_OBJC_IMPLICIT_RETAIN_SELF = YES;
				CLANG_WARN_OBJC_LITERAL_CONVERSION = YES;
				CLANG_WARN_OBJC_ROOT_CLASS = YES_ERROR;
				CLANG_WARN_QUOTED_INCLUDE_IN_FRAMEWORK_HEADER = YES;
				CLANG_WARN_RANGE_LOOP_ANALYSIS = YES;
				CLANG_WARN_STRICT_PROTOTYPES = YES;
				CLANG_WARN_SUSPICIOUS_MOVE = YES;
				CLANG_WARN_UNGUARDED_AVAILABILITY = YES_AGGRESSIVE;
				CLANG_WARN_UNREACHABLE_CODE = YES;
				CLANG_WARN__DUPLICATE_METHOD_MATCH = YES;
				COPY_PHASE_STRIP = NO;
				DEBUG_INFORMATION_FORMAT = dwarf;
				DEVELOPMENT_TEAM = YRFHTZZ2P6;
				ENABLE_STRICT_OBJC_MSGSEND = YES;
				ENABLE_TESTABILITY = YES;
				ENABLE_USER_SCRIPT_SANDBOXING = YES;
				GCC_C_LANGUAGE_STANDARD = gnu17;
				GCC_DYNAMIC_NO_PIC = NO;
				GCC_NO_COMMON_BLOCKS = YES;
				GCC_OPTIMIZATION_LEVEL = 0;
				GCC_PREPROCESSOR_DEFINITIONS = (
					"DEBUG=1",
					"$(inherited)",
				);
				GCC_WARN_64_TO_32_BIT_CONVERSION = YES;
				GCC_WARN_ABOUT_RETURN_TYPE = YES_ERROR;
				GCC_WARN_UNDECLARED_SELECTOR = YES;
				GCC_WARN_UNINITIALIZED_AUTOS = YES_AGGRESSIVE;
				GCC_WARN_UNUSED_FUNCTION = YES;
				GCC_WARN_UNUSED_VARIABLE = YES;
				IPHONEOS_DEPLOYMENT_TARGET = 26.0;
				LOCALIZATION_PREFERS_STRING_CATALOGS = YES;
				MTL_ENABLE_DEBUG_INFO = INCLUDE_SOURCE;
				MTL_FAST_MATH = YES;
				ONLY_ACTIVE_ARCH = YES;
				SDKROOT = iphoneos;
				SWIFT_ACTIVE_COMPILATION_CONDITIONS = "DEBUG $(inherited)";
				SWIFT_EMIT_LOC_STRINGS = YES;
				SWIFT_OPTIMIZATION_LEVEL = "-Onone";
			};
			name = Debug;
		};
		12B0E9442F6608B7005D68AE /* Release */ = {
			isa = XCBuildConfiguration;
			buildSettings = {
				ALWAYS_SEARCH_USER_PATHS = NO;
				ASSETCATALOG_COMPILER_GENERATE_SWIFT_ASSET_SYMBOL_EXTENSIONS = YES;
				CLANG_ANALYZER_NONNULL = YES;
				CLANG_ANALYZER_NUMBER_OBJECT_CONVERSION = YES_AGGRESSIVE;
				CLANG_CXX_LANGUAGE_STANDARD = "gnu++20";
				CLANG_ENABLE_MODULES = YES;
				CLANG_ENABLE_OBJC_ARC = YES;
				CLANG_ENABLE_OBJC_WEAK = YES;
				CLANG_WARN_BLOCK_CAPTURE_AUTORELEASING = YES;
				CLANG_WARN_BOOL_CONVERSION = YES;
				CLANG_WARN_COMMA = YES;
				CLANG_WARN_CONSTANT_CONVERSION = YES;
				CLANG_WARN_DEPRECATED_OBJC_IMPLEMENTATIONS = YES;
				CLANG_WARN_DIRECT_OBJC_ISA_USAGE = YES_ERROR;
				CLANG_WARN_DOCUMENTATION_COMMENTS = YES;
				CLANG_WARN_EMPTY_BODY = YES;
				CLANG_WARN_ENUM_CONVERSION = YES;
				CLANG_WARN_INFINITE_RECURSION = YES;
				CLANG_WARN_INT_CONVERSION = YES;
				CLANG_WARN_NON_LITERAL_NULL_CONVERSION = YES;
				CLANG_WARN_OBJC_IMPLICIT_RETAIN_SELF = YES;
				CLANG_WARN_OBJC_LITERAL_CONVERSION = YES;
				CLANG_WARN_OBJC_ROOT_CLASS = YES_ERROR;
				CLANG_WARN_QUOTED_INCLUDE_IN_FRAMEWORK_HEADER = YES;
				CLANG_WARN_RANGE_LOOP_ANALYSIS = YES;
				CLANG_WARN_STRICT_PROTOTYPES = YES;
				CLANG_WARN_SUSPICIOUS_MOVE = YES;
				CLANG_WARN_UNGUARDED_AVAILABILITY = YES_AGGRESSIVE;
				CLANG_WARN_UNREACHABLE_CODE = YES;
				CLANG_WARN__DUPLICATE_METHOD_MATCH = YES;
				COPY_PHASE_STRIP = NO;
				DEBUG_INFORMATION_FORMAT = "dwarf-with-dsym";
				DEVELOPMENT_TEAM = YRFHTZZ2P6;
				ENABLE_NS_ASSERTIONS = NO;
				ENABLE_STRICT_OBJC_MSGSEND = YES;
				ENABLE_USER_SCRIPT_SANDBOXING = YES;
				GCC_C_LANGUAGE_STANDARD = gnu17;
				GCC_NO_COMMON_BLOCKS = YES;
				GCC_WARN_64_TO_32_BIT_CONVERSION = YES;
				GCC_WARN_ABOUT_RETURN_TYPE = YES_ERROR;
				GCC_WARN_UNDECLARED_SELECTOR = YES;
				GCC_WARN_UNINITIALIZED_AUTOS = YES_AGGRESSIVE;
				GCC_WARN_UNUSED_FUNCTION = YES;
				GCC_WARN_UNUSED_VARIABLE = YES;
				IPHONEOS_DEPLOYMENT_TARGET = 26.0;
				LOCALIZATION_PREFERS_STRING_CATALOGS = YES;
				MTL_ENABLE_DEBUG_INFO = NO;
				MTL_FAST_MATH = YES;
				SDKROOT = iphoneos;
				SWIFT_COMPILATION_MODE = wholemodule;
				SWIFT_EMIT_LOC_STRINGS = YES;
				VALIDATE_PRODUCT = YES;
			};
			name = Release;
		};
		12B0E9462F6608B7005D68AE /* Debug */ = {
			isa = XCBuildConfiguration;
			buildSettings = {
				ASSETCATALOG_COMPILER_APPICON_NAME = AppIcon;
				ASSETCATALOG_COMPILER_GLOBAL_ACCENT_COLOR_NAME = AccentColor;
				CODE_SIGN_ENTITLEMENTS = Nafas/Nafas.entitlements;
				CODE_SIGN_STYLE = Automatic;
				CURRENT_PROJECT_VERSION = 1;
				DEVELOPMENT_TEAM = YRFHTZZ2P6;
				ENABLE_PREVIEWS = YES;
				GENERATE_INFOPLIST_FILE = YES;
				INFOPLIST_FILE = Nafas/Info.plist;
				INFOPLIST_KEY_CFBundleDisplayName = Nafas;
				INFOPLIST_KEY_LSApplicationCategoryType = "public.app-category.healthcare-fitness";
				INFOPLIST_KEY_NSBluetoothAlwaysUsageDescription = "This app requires Bluetooth to connect to and configure the Nafas Wristband";
				INFOPLIST_KEY_UIApplicationSceneManifest_Generation = YES;
				INFOPLIST_KEY_UIApplicationSupportsIndirectInputEvents = YES;
				INFOPLIST_KEY_UILaunchScreen_Generation = YES;
				INFOPLIST_KEY_UISupportedInterfaceOrientations_iPad = "UIInterfaceOrientationPortrait UIInterfaceOrientationPortraitUpsideDown UIInterfaceOrientationLandscapeLeft UIInterfaceOrientationLandscapeRight";
				INFOPLIST_KEY_UISupportedInterfaceOrientations_iPhone = "UIInterfaceOrientationPortrait UIInterfaceOrientationLandscapeLeft UIInterfaceOrientationLandscapeRight";
				LD_RUNPATH_SEARCH_PATHS = (
					"$(inherited)",
					"@executable_path/Frameworks",
				);
				LIBRARY_SEARCH_PATHS = (
					"$(inherited)",
					"$(PROJECT_DIR)/Nafas/Packages/firebase-ios-sdk/Crashlytics/UnitTests/Data",
					"$(PROJECT_DIR)/Nafas/Packages/firebase-ios-sdk/Crashlytics/UnitTests/FIRCLSMachO/machO_data",
				);
				MARKETING_VERSION = 1.0;
				PRODUCT_BUNDLE_IDENTIFIER = com.App.Nafas;
				PRODUCT_NAME = "$(TARGET_NAME)";
				STRING_CATALOG_GENERATE_SYMBOLS = YES;
				SWIFT_APPROACHABLE_CONCURRENCY = YES;
				SWIFT_DEFAULT_ACTOR_ISOLATION = MainActor;
				SWIFT_EMIT_LOC_STRINGS = YES;
				SWIFT_UPCOMING_FEATURE_MEMBER_IMPORT_VISIBILITY = YES;
				SWIFT_VERSION = 5.0;
				TARGETED_DEVICE_FAMILY = "1,2";
			};
			name = Debug;
		};
		12B0E9472F6608B7005D68AE /* Release */ = {
			isa = XCBuildConfiguration;
			buildSettings = {
				ASSETCATALOG_COMPILER_APPICON_NAME = AppIcon;
				ASSETCATALOG_COMPILER_GLOBAL_ACCENT_COLOR_NAME = AccentColor;
				CODE_SIGN_ENTITLEMENTS = Nafas/Nafas.entitlements;
				CODE_SIGN_STYLE = Automatic;
				CURRENT_PROJECT_VERSION = 1;
				DEVELOPMENT_TEAM = YRFHTZZ2P6;
				ENABLE_PREVIEWS = YES;
				GENERATE_INFOPLIST_FILE = YES;
				INFOPLIST_FILE = Nafas/Info.plist;
				INFOPLIST_KEY_CFBundleDisplayName = Nafas;
				INFOPLIST_KEY_LSApplicationCategoryType = "public.app-category.healthcare-fitness";
				INFOPLIST_KEY_NSBluetoothAlwaysUsageDescription = "This app requires Bluetooth to connect to and configure the Nafas Wristband";
				INFOPLIST_KEY_UIApplicationSceneManifest_Generation = YES;
				INFOPLIST_KEY_UIApplicationSupportsIndirectInputEvents = YES;
				INFOPLIST_KEY_UILaunchScreen_Generation = YES;
				INFOPLIST_KEY_UISupportedInterfaceOrientations_iPad = "UIInterfaceOrientationPortrait UIInterfaceOrientationPortraitUpsideDown UIInterfaceOrientationLandscapeLeft UIInterfaceOrientationLandscapeRight";
				INFOPLIST_KEY_UISupportedInterfaceOrientations_iPhone = "UIInterfaceOrientationPortrait UIInterfaceOrientationLandscapeLeft UIInterfaceOrientationLandscapeRight";
				LD_RUNPATH_SEARCH_PATHS = (
					"$(inherited)",
					"@executable_path/Frameworks",
				);
				LIBRARY_SEARCH_PATHS = (
					"$(inherited)",
					"$(PROJECT_DIR)/Nafas/Packages/firebase-ios-sdk/Crashlytics/UnitTests/Data",
					"$(PROJECT_DIR)/Nafas/Packages/firebase-ios-sdk/Crashlytics/UnitTests/FIRCLSMachO/machO_data",
				);
				MARKETING_VERSION = 1.0;
				PRODUCT_BUNDLE_IDENTIFIER = com.App.Nafas;
				PRODUCT_NAME = "$(TARGET_NAME)";
				STRING_CATALOG_GENERATE_SYMBOLS = YES;
				SWIFT_APPROACHABLE_CONCURRENCY = YES;
				SWIFT_DEFAULT_ACTOR_ISOLATION = MainActor;
				SWIFT_EMIT_LOC_STRINGS = YES;
				SWIFT_UPCOMING_FEATURE_MEMBER_IMPORT_VISIBILITY = YES;
				SWIFT_VERSION = 5.0;
				TARGETED_DEVICE_FAMILY = "1,2";
			};
			name = Release;
		};
/* End XCBuildConfiguration section */

/* Begin XCConfigurationList section */
		12B0E9352F6608B6005D68AE /* Build configuration list for PBXProject "Nafas" */ = {
			isa = XCConfigurationList;
			buildConfigurations = (
				12B0E9432F6608B7005D68AE /* Debug */,
				12B0E9442F6608B7005D68AE /* Release */,
			);
			defaultConfigurationIsVisible = 0;
			defaultConfigurationName = Release;
		};
		12B0E9452F6608B7005D68AE /* Build configuration list for PBXNativeTarget "Nafas" */ = {
			isa = XCConfigurationList;
			buildConfigurations = (
				12B0E9462F6608B7005D68AE /* Debug */,
				12B0E9472F6608B7005D68AE /* Release */,
			);
			defaultConfigurationIsVisible = 0;
			defaultConfigurationName = Release;
		};
/* End XCConfigurationList section */

/* Begin XCRemoteSwiftPackageReference section */
		123A15102F66149C00EEF7BE /* XCRemoteSwiftPackageReference "firebase-ios-sdk" */ = {
			isa = XCRemoteSwiftPackageReference;
			repositoryURL = "https://github.com/firebase/firebase-ios-sdk";
			requirement = {
				kind = upToNextMajorVersion;
				minimumVersion = 12.10.0;
			};
		};
		124302F92F7BDA00005BD907 /* XCRemoteSwiftPackageReference "GoogleSignIn-iOS" */ = {
			isa = XCRemoteSwiftPackageReference;
			repositoryURL = "https://github.com/google/GoogleSignIn-iOS.git";
			requirement = {
				kind = upToNextMajorVersion;
				minimumVersion = 9.1.0;
			};
		};
/* End XCRemoteSwiftPackageReference section */

/* Begin XCSwiftPackageProductDependency section */
		123A15112F66149C00EEF7BE /* FirebaseAnalytics */ = {
			isa = XCSwiftPackageProductDependency;
			package = 123A15102F66149C00EEF7BE /* XCRemoteSwiftPackageReference "firebase-ios-sdk" */;
			productName = FirebaseAnalytics;
		};
		123A15132F66149C00EEF7BE /* FirebaseAnalyticsCore */ = {
			isa = XCSwiftPackageProductDependency;
			package = 123A15102F66149C00EEF7BE /* XCRemoteSwiftPackageReference "firebase-ios-sdk" */;
			productName = FirebaseAnalyticsCore;
		};
		123A15152F66149C00EEF7BE /* FirebaseCore */ = {
			isa = XCSwiftPackageProductDependency;
			package = 123A15102F66149C00EEF7BE /* XCRemoteSwiftPackageReference "firebase-ios-sdk" */;
			productName = FirebaseCore;
		};
		123A15172F66149C00EEF7BE /* FirebaseDatabase */ = {
			isa = XCSwiftPackageProductDependency;
			package = 123A15102F66149C00EEF7BE /* XCRemoteSwiftPackageReference "firebase-ios-sdk" */;
			productName = FirebaseDatabase;
		};
		124302FA2F7BDA00005BD907 /* GoogleSignIn */ = {
			isa = XCSwiftPackageProductDependency;
			package = 124302F92F7BDA00005BD907 /* XCRemoteSwiftPackageReference "GoogleSignIn-iOS" */;
			productName = GoogleSignIn;
		};
		124302FC2F7BDA00005BD907 /* GoogleSignInSwift */ = {
			isa = XCSwiftPackageProductDependency;
			package = 124302F92F7BDA00005BD907 /* XCRemoteSwiftPackageReference "GoogleSignIn-iOS" */;
			productName = GoogleSignInSwift;
		};
		124303062F7BE165005BD907 /* FirebaseAuth */ = {
			isa = XCSwiftPackageProductDependency;
			package = 123A15102F66149C00EEF7BE /* XCRemoteSwiftPackageReference "firebase-ios-sdk" */;
			productName = FirebaseAuth;
		};
		125105612F6641DD006FCE40 /* FirebaseFirestore */ = {
			isa = XCSwiftPackageProductDependency;
			productName = FirebaseFirestore;
		};
/* End XCSwiftPackageProductDependency section */
	};
	rootObject = 12B0E9322F6608B6005D68AE /* Project object */;
}
